// !$*UTF8*$!
{
	archiveVersion = 1;
	classes = {
	};
	objectVersion = 77;
	objects = {

/* Begin PBXBuildFile section */
		34B46AA52D1591A4005C0DC5 /* GoogleSignIn in Frameworks */ = {isa = PBXBuildFile; productRef = 34B46AA42D1591A4005C0DC5 /* GoogleSignIn */; };
		34B46AA72D1591A4005C0DC5 /* GoogleSignInSwift in Frameworks */ = {isa = PBXBuildFile; productRef = 34B46AA62D1591A4005C0DC5 /* GoogleSignInSwift */; };
		34EA7DD92D1565F900F70B3D /* FirebaseAnalytics in Frameworks */ = {isa = PBXBuildFile; productRef = 34EA7DD82D1565F900F70B3D /* FirebaseAnalytics */; };
		34EA7DDB2D1565F900F70B3D /* FirebaseAuth in Frameworks */ = {isa = PBXBuildFile; productRef = 34EA7DDA2D1565F900F70B3D /* FirebaseAuth */; };
		34EA7DDD2D1565F900F70B3D /* FirebaseAuthCombine-Community in Frameworks */ = {isa = PBXBuildFile; productRef = 34EA7DDC2D1565F900F70B3D /* FirebaseAuthCombine-Community */; };
		34EA7DDF2D1565F900F70B3D /* FirebaseCore in Frameworks */ = {isa = PBXBuildFile; productRef = 34EA7DDE2D1565F900F70B3D /* FirebaseCore */; };
		34EA7DE12D1565F900F70B3D /* FirebaseDatabase in Frameworks */ = {isa = PBXBuildFile; productRef = 34EA7DE02D1565F900F70B3D /* FirebaseDatabase */; };
		34EA7DE32D1565F900F70B3D /* FirebaseFirestore in Frameworks */ = {isa = PBXBuildFile; productRef = 34EA7DE22D1565F900F70B3D /* FirebaseFirestore */; };
		34EA7DE52D1565F900F70B3D /* FirebaseFirestoreCombine-Community in Frameworks */ = {isa = PBXBuildFile; productRef = 34EA7DE42D1565F900F70B3D /* FirebaseFirestoreCombine-Community */; };
		34EA7DE72D1565F900F70B3D /* FirebaseStorage in Frameworks */ = {isa = PBXBuildFile; productRef = 34EA7DE62D1565F900F70B3D /* FirebaseStorage */; };
		34EA7DE92D1565F900F70B3D /* FirebaseStorageCombine-Community in Frameworks */ = {isa = PBXBuildFile; productRef = 34EA7DE82D1565F900F70B3D /* FirebaseStorageCombine-Community */; };
/* End PBXBuildFile section */

/* Begin PBXContainerItemProxy section */
		3498348E2D1563DF00C06878 /* PBXContainerItemProxy */ = {
			isa = PBXContainerItemProxy;
			containerPortal = 349834752D1563DC00C06878 /* Project object */;
			proxyType = 1;
			remoteGlobalIDString = 3498347C2D1563DC00C06878;
			remoteInfo = SwiftUIAppFirebase;
		};
		349834982D1563DF00C06878 /* PBXContainerItemProxy */ = {
			isa = PBXContainerItemProxy;
			containerPortal = 349834752D1563DC00C06878 /* Project object */;
			proxyType = 1;
			remoteGlobalIDString = 3498347C2D1563DC00C06878;
			remoteInfo = SwiftUIAppFirebase;
		};
/* End PBXContainerItemProxy section */

/* Begin PBXFileReference section */
		3498347D2D1563DC00C06878 /* SwiftUIAppFirebase.app */ = {isa = PBXFileReference; explicitFileType = wrapper.application; includeInIndex = 0; path = SwiftUIAppFirebase.app; sourceTree = BUILT_PRODUCTS_DIR; };
		3498348D2D1563DF00C06878 /* SwiftUIAppFirebaseTests.xctest */ = {isa = PBXFileReference; explicitFileType = wrapper.cfbundle; includeInIndex = 0; path = SwiftUIAppFirebaseTests.xctest; sourceTree = BUILT_PRODUCTS_DIR; };
		349834972D1563DF00C06878 /* SwiftUIAppFirebaseUITests.xctest */ = {isa = PBXFileReference; explicitFileType = wrapper.cfbundle; includeInIndex = 0; path = SwiftUIAppFirebaseUITests.xctest; sourceTree = BUILT_PRODUCTS_DIR; };
/* End PBXFileReference section */

/* Begin PBXFileSystemSynchronizedBuildFileExceptionSet section */
		34B46B732D15923A005C0DC5 /* Exceptions for "SwiftUIAppFirebase" folder in "SwiftUIAppFirebase" target */ = {
			isa = PBXFileSystemSynchronizedBuildFileExceptionSet;
			membershipExceptions = (
				Info.plist,
			);
			target = 3498347C2D1563DC00C06878 /* SwiftUIAppFirebase */;
		};
/* End PBXFileSystemSynchronizedBuildFileExceptionSet section */

/* Begin PBXFileSystemSynchronizedRootGroup section */
		3498347F2D1563DC00C06878 /* SwiftUIAppFirebase */ = {
			isa = PBXFileSystemSynchronizedRootGroup;
			exceptions = (
				34B46B732D15923A005C0DC5 /* Exceptions for "SwiftUIAppFirebase" folder in "SwiftUIAppFirebase" target */,
			);
			path = SwiftUIAppFirebase;
			sourceTree = "<group>";
		};
		349834902D1563DF00C06878 /* SwiftUIAppFirebaseTests */ = {
			isa = PBXFileSystemSynchronizedRootGroup;
			path = SwiftUIAppFirebaseTests;
			sourceTree = "<group>";
		};
		3498349A2D1563DF00C06878 /* SwiftUIAppFirebaseUITests */ = {
			isa = PBXFileSystemSynchronizedRootGroup;
			path = SwiftUIAppFirebaseUITests;
			sourceTree = "<group>";
		};
/* End PBXFileSystemSynchronizedRootGroup section */

/* Begin PBXFrameworksBuildPhase section */
		3498347A2D1563DC00C06878 /* Frameworks */ = {
			isa = PBXFrameworksBuildPhase;
			buildActionMask = 2147483647;
			files = (
				34EA7DE12D1565F900F70B3D /* FirebaseDatabase in Frameworks */,
				34EA7DD92D1565F900F70B3D /* FirebaseAnalytics in Frameworks */,
				34EA7DDD2D1565F900F70B3D /* FirebaseAuthCombine-Community in Frameworks */,
				34EA7DDF2D1565F900F70B3D /* FirebaseCore in Frameworks */,
				34EA7DDB2D1565F900F70B3D /* FirebaseAuth in Frameworks */,
				34B46AA52D1591A4005C0DC5 /* GoogleSignIn in Frameworks */,
				34EA7DE72D1565F900F70B3D /* FirebaseStorage in Frameworks */,
				34EA7DE32D1565F900F70B3D /* FirebaseFirestore in Frameworks */,
				34EA7DE92D1565F900F70B3D /* FirebaseStorageCombine-Community in Frameworks */,
				34EA7DE52D1565F900F70B3D /* FirebaseFirestoreCombine-Community in Frameworks */,
				34B46AA72D1591A4005C0DC5 /* GoogleSignInSwift in Frameworks */,
			);
			runOnlyForDeploymentPostprocessing = 0;
		};
		3498348A2D1563DF00C06878 /* Frameworks */ = {
			isa = PBXFrameworksBuildPhase;
			buildActionMask = 2147483647;
			files = (
			);
			runOnlyForDeploymentPostprocessing = 0;
		};
		349834942D1563DF00C06878 /* Frameworks */ = {
			isa = PBXFrameworksBuildPhase;
			buildActionMask = 2147483647;
			files = (
			);
			runOnlyForDeploymentPostprocessing = 0;
		};
/* End PBXFrameworksBuildPhase section */

/* Begin PBXGroup section */
		349834742D1563DC00C06878 = {
			isa = PBXGroup;
			children = (
				3498347F2D1563DC00C06878 /* SwiftUIAppFirebase */,
				349834902D1563DF00C06878 /* SwiftUIAppFirebaseTests */,
				3498349A2D1563DF00C06878 /* SwiftUIAppFirebaseUITests */,
				3498347E2D1563DC00C06878 /* Products */,
			);
			sourceTree = "<group>";
		};
		3498347E2D1563DC00C06878 /* Products */ = {
			isa = PBXGroup;
			children = (
				3498347D2D1563DC00C06878 /* SwiftUIAppFirebase.app */,
				3498348D2D1563DF00C06878 /* SwiftUIAppFirebaseTests.xctest */,
				349834972D1563DF00C06878 /* SwiftUIAppFirebaseUITests.xctest */,
			);
			name = Products;
			sourceTree = "<group>";
		};
/* End PBXGroup section */

/* Begin PBXNativeTarget section */
		3498347C2D1563DC00C06878 /* SwiftUIAppFirebase */ = {
			isa = PBXNativeTarget;
			buildConfigurationList = 349834A12D1563DF00C06878 /* Build configuration list for PBXNativeTarget "SwiftUIAppFirebase" */;
			buildPhases = (
				349834792D1563DC00C06878 /* Sources */,
				3498347A2D1563DC00C06878 /* Frameworks */,
				3498347B2D1563DC00C06878 /* Resources */,
			);
			buildRules = (
			);
			dependencies = (
			);
			fileSystemSynchronizedGroups = (
				3498347F2D1563DC00C06878 /* SwiftUIAppFirebase */,
			);
			name = SwiftUIAppFirebase;
			packageProductDependencies = (
				34EA7DD82D1565F900F70B3D /* FirebaseAnalytics */,
				34EA7DDA2D1565F900F70B3D /* FirebaseAuth */,
				34EA7DDC2D1565F900F70B3D /* FirebaseAuthCombine-Community */,
				34EA7DDE2D1565F900F70B3D /* FirebaseCore */,
				34EA7DE02D1565F900F70B3D /* FirebaseDatabase */,
				34EA7DE22D1565F900F70B3D /* FirebaseFirestore */,
				34EA7DE42D1565F900F70B3D /* FirebaseFirestoreCombine-Community */,
				34EA7DE62D1565F900F70B3D /* FirebaseStorage */,
				34EA7DE82D1565F900F70B3D /* FirebaseStorageCombine-Community */,
				34B46AA42D1591A4005C0DC5 /* GoogleSignIn */,
				34B46AA62D1591A4005C0DC5 /* GoogleSignInSwift */,
			);
			productName = SwiftUIAppFirebase;
			productReference = 3498347D2D1563DC00C06878 /* SwiftUIAppFirebase.app */;
			productType = "com.apple.product-type.application";
		};
		3498348C2D1563DF00C06878 /* SwiftUIAppFirebaseTests */ = {
			isa = PBXNativeTarget;
			buildConfigurationList = 349834A42D1563DF00C06878 /* Build configuration list for PBXNativeTarget "SwiftUIAppFirebaseTests" */;
			buildPhases = (
				349834892D1563DF00C06878 /* Sources */,
				3498348A2D1563DF00C06878 /* Frameworks */,
				3498348B2D1563DF00C06878 /* Resources */,
			);
			buildRules = (
			);
			dependencies = (
				3498348F2D1563DF00C06878 /* PBXTargetDependency */,
			);
			fileSystemSynchronizedGroups = (
				349834902D1563DF00C06878 /* SwiftUIAppFirebaseTests */,
			);
			name = SwiftUIAppFirebaseTests;
			packageProductDependencies = (
			);
			productName = SwiftUIAppFirebaseTests;
			productReference = 3498348D2D1563DF00C06878 /* SwiftUIAppFirebaseTests.xctest */;
			productType = "com.apple.product-type.bundle.unit-test";
		};
		349834962D1563DF00C06878 /* SwiftUIAppFirebaseUITests */ = {
			isa = PBXNativeTarget;
			buildConfigurationList = 349834A72D1563DF00C06878 /* Build configuration list for PBXNativeTarget "SwiftUIAppFirebaseUITests" */;
			buildPhases = (
				349834932D1563DF00C06878 /* Sources */,
				349834942D1563DF00C06878 /* Frameworks */,
				349834952D1563DF00C06878 /* Resources */,
			);
			buildRules = (
			);
			dependencies = (
				349834992D1563DF00C06878 /* PBXTargetDependency */,
			);
			fileSystemSynchronizedGroups = (
				3498349A2D1563DF00C06878 /* SwiftUIAppFirebaseUITests */,
			);
			name = SwiftUIAppFirebaseUITests;
			packageProductDependencies = (
			);
			productName = SwiftUIAppFirebaseUITests;
			productReference = 349834972D1563DF00C06878 /* SwiftUIAppFirebaseUITests.xctest */;
			productType = "com.apple.product-type.bundle.ui-testing";
		};
/* End PBXNativeTarget section */

/* Begin PBXProject section */
		349834752D1563DC00C06878 /* Project object */ = {
			isa = PBXProject;
			attributes = {
				BuildIndependentTargetsInParallel = 1;
				LastSwiftUpdateCheck = 1620;
				LastUpgradeCheck = 1620;
				TargetAttributes = {
					3498347C2D1563DC00C06878 = {
						CreatedOnToolsVersion = 16.2;
					};
					3498348C2D1563DF00C06878 = {
						CreatedOnToolsVersion = 16.2;
						TestTargetID = 3498347C2D1563DC00C06878;
					};
					349834962D1563DF00C06878 = {
						CreatedOnToolsVersion = 16.2;
						TestTargetID = 3498347C2D1563DC00C06878;
					};
				};
			};
			buildConfigurationList = 349834782D1563DC00C06878 /* Build configuration list for PBXProject "SwiftUIAppFirebase" */;
			developmentRegion = en;
			hasScannedForEncodings = 0;
			knownRegions = (
				en,
				Base,
			);
			mainGroup = 349834742D1563DC00C06878;
			minimizedProjectReferenceProxies = 1;
			packageReferences = (
				34EA7DD72D1565F900F70B3D /* XCRemoteSwiftPackageReference "firebase-ios-sdk" */,
				34B46AA32D1591A4005C0DC5 /* XCRemoteSwiftPackageReference "GoogleSignIn-iOS" */,
			);
			preferredProjectObjectVersion = 77;
			productRefGroup = 3498347E2D1563DC00C06878 /* Products */;
			projectDirPath = "";
			projectRoot = "";
			targets = (
				3498347C2D1563DC00C06878 /* SwiftUIAppFirebase */,
				3498348C2D1563DF00C06878 /* SwiftUIAppFirebaseTests */,
				349834962D1563DF00C06878 /* SwiftUIAppFirebaseUITests */,
			);
		};
/* End PBXProject section */

/* Begin PBXResourcesBuildPhase section */
		3498347B2D1563DC00C06878 /* Resources */ = {
			isa = PBXResourcesBuildPhase;
			buildActionMask = 2147483647;
			files = (
			);
			runOnlyForDeploymentPostprocessing = 0;
		};
		3498348B2D1563DF00C06878 /* Resources */ = {
			isa = PBXResourcesBuildPhase;
			buildActionMask = 2147483647;
			files = (
			);
			runOnlyForDeploymentPostprocessing = 0;
		};
		349834952D1563DF00C06878 /* Resources */ = {
			isa = PBXResourcesBuildPhase;
			buildActionMask = 2147483647;
			files = (
			);
			runOnlyForDeploymentPostprocessing = 0;
		};
/* End PBXResourcesBuildPhase section */

/* Begin PBXSourcesBuildPhase section */
		349834792D1563DC00C06878 /* Sources */ = {
			isa = PBXSourcesBuildPhase;
			buildActionMask = 2147483647;
			files = (
			);
			runOnlyForDeploymentPostprocessing = 0;
		};
		349834892D1563DF00C06878 /* Sources */ = {
			isa = PBXSourcesBuildPhase;
			buildActionMask = 2147483647;
			files = (
			);
			runOnlyForDeploymentPostprocessing = 0;
		};
		349834932D1563DF00C06878 /* Sources */ = {
			isa = PBXSourcesBuildPhase;
			buildActionMask = 2147483647;
			files = (
			);
			runOnlyForDeploymentPostprocessing = 0;
		};
/* End PBXSourcesBuildPhase section */

/* Begin PBXTargetDependency section */
		3498348F2D1563DF00C06878 /* PBXTargetDependency */ = {
			isa = PBXTargetDependency;
			target = 3498347C2D1563DC00C06878 /* SwiftUIAppFirebase */;
			targetProxy = 3498348E2D1563DF00C06878 /* PBXContainerItemProxy */;
		};
		349834992D1563DF00C06878 /* PBXTargetDependency */ = {
			isa = PBXTargetDependency;
			target = 3498347C2D1563DC00C06878 /* SwiftUIAppFirebase */;
			targetProxy = 349834982D1563DF00C06878 /* PBXContainerItemProxy */;
		};
/* End PBXTargetDependency section */

/* Begin XCBuildConfiguration section */
		3498349F2D1563DF00C06878 /* Debug */ = {
			isa = XCBuildConfiguration;
			buildSettings = {
				ALWAYS_SEARCH_USER_PATHS = NO;
				ASSETCATALOG_COMPILER_GENERATE_SWIFT_ASSET_SYMBOL_EXTENSIONS = YES;
				CLANG_ANALYZER_NONNULL = YES;
				CLANG_ANALYZER_NUMBER_OBJECT_CONVERSION = YES_AGGRESSIVE;
				CLANG_CXX_LANGUAGE_STANDARD = "gnu++20";
				CLANG_ENABLE_MODULES = YES;
				CLANG_ENABLE_OBJC_ARC = YES;
				CLANG_ENABLE_OBJC_WEAK = YES;
				CLANG_WARN_BLOCK_CAPTURE_AUTORELEASING = YES;
				CLANG_WARN_BOOL_CONVERSION = YES;
				CLANG_WARN_COMMA = YES;
				CLANG_WARN_CONSTANT_CONVERSION = YES;
				CLANG_WARN_DEPRECATED_OBJC_IMPLEMENTATIONS = YES;
				CLANG_WARN_DIRECT_OBJC_ISA_USAGE = YES_ERROR;
				CLANG_WARN_DOCUMENTATION_COMMENTS = YES;
				CLANG_WARN_EMPTY_BODY = YES;
				CLANG_WARN_ENUM_CONVERSION = YES;
				CLANG_WARN_INFINITE_RECURSION = YES;
				CLANG_WARN_INT_CONVERSION = YES;
				CLANG_WARN_NON_LITERAL_NULL_CONVERSION = YES;
				CLANG_WARN_OBJC_IMPLICIT_RETAIN_SELF = YES;
				CLANG_WARN_OBJC_LITERAL_CONVERSION = YES;
				CLANG_WARN_OBJC_ROOT_CLASS = YES_ERROR;
				CLANG_WARN_QUOTED_INCLUDE_IN_FRAMEWORK_HEADER = YES;
				CLANG_WARN_RANGE_LOOP_ANALYSIS = YES;
				CLANG_WARN_STRICT_PROTOTYPES = YES;
				CLANG_WARN_SUSPICIOUS_MOVE = YES;
				CLANG_WARN_UNGUARDED_AVAILABILITY = YES_AGGRESSIVE;
				CLANG_WARN_UNREACHABLE_CODE = YES;
				CLANG_WARN__DUPLICATE_METHOD_MATCH = YES;
				COPY_PHASE_STRIP = NO;
				DEBUG_INFORMATION_FORMAT = dwarf;
				ENABLE_STRICT_OBJC_MSGSEND = YES;
				ENABLE_TESTABILITY = YES;
				ENABLE_USER_SCRIPT_SANDBOXING = YES;
				GCC_C_LANGUAGE_STANDARD = gnu17;
				GCC_DYNAMIC_NO_PIC = NO;
				GCC_NO_COMMON_BLOCKS = YES;
				GCC_OPTIMIZATION_LEVEL = 0;
				GCC_PREPROCESSOR_DEFINITIONS = (
					"DEBUG=1",
					"$(inherited)",
				);
				GCC_WARN_64_TO_32_BIT_CONVERSION = YES;
				GCC_WARN_ABOUT_RETURN_TYPE = YES_ERROR;
				GCC_WARN_UNDECLARED_SELECTOR = YES;
				GCC_WARN_UNINITIALIZED_AUTOS = YES_AGGRESSIVE;
				GCC_WARN_UNUSED_FUNCTION = YES;
				GCC_WARN_UNUSED_VARIABLE = YES;
				IPHONEOS_DEPLOYMENT_TARGET = 18.2;
				LOCALIZATION_PREFERS_STRING_CATALOGS = YES;
				MTL_ENABLE_DEBUG_INFO = INCLUDE_SOURCE;
				MTL_FAST_MATH = YES;
				ONLY_ACTIVE_ARCH = YES;
				SDKROOT = iphoneos;
				SWIFT_ACTIVE_COMPILATION_CONDITIONS = "DEBUG $(inherited)";
				SWIFT_OPTIMIZATION_LEVEL = "-Onone";
			};
			name = Debug;
		};
		349834A02D1563DF00C06878 /* Release */ = {
			isa = XCBuildConfiguration;
			buildSettings = {
				ALWAYS_SEARCH_USER_PATHS = NO;
				ASSETCATALOG_COMPILER_GENERATE_SWIFT_ASSET_SYMBOL_EXTENSIONS = YES;
				CLANG_ANALYZER_NONNULL = YES;
				CLANG_ANALYZER_NUMBER_OBJECT_CONVERSION = YES_AGGRESSIVE;
				CLANG_CXX_LANGUAGE_STANDARD = "gnu++20";
				CLANG_ENABLE_MODULES = YES;
				CLANG_ENABLE_OBJC_ARC = YES;
				CLANG_ENABLE_OBJC_WEAK = YES;
				CLANG_WARN_BLOCK_CAPTURE_AUTORELEASING = YES;
				CLANG_WARN_BOOL_CONVERSION = YES;
				CLANG_WARN_COMMA = YES;
				CLANG_WARN_CONSTANT_CONVERSION = YES;
				CLANG_WARN_DEPRECATED_OBJC_IMPLEMENTATIONS = YES;
				CLANG_WARN_DIRECT_OBJC_ISA_USAGE = YES_ERROR;
				CLANG_WARN_DOCUMENTATION_COMMENTS = YES;
				CLANG_WARN_EMPTY_BODY = YES;
				CLANG_WARN_ENUM_CONVERSION = YES;
				CLANG_WARN_INFINITE_RECURSION = YES;
				CLANG_WARN_INT_CONVERSION = YES;
				CLANG_WARN_NON_LITERAL_NULL_CONVERSION = YES;
				CLANG_WARN_OBJC_IMPLICIT_RETAIN_SELF = YES;
				CLANG_WARN_OBJC_LITERAL_CONVERSION = YES;
				CLANG_WARN_OBJC_ROOT_CLASS = YES_ERROR;
				CLANG_WARN_QUOTED_INCLUDE_IN_FRAMEWORK_HEADER = YES;
				CLANG_WARN_RANGE_LOOP_ANALYSIS = YES;
				CLANG_WARN_STRICT_PROTOTYPES = YES;
				CLANG_WARN_SUSPICIOUS_MOVE = YES;
				CLANG_WARN_UNGUARDED_AVAILABILITY = YES_AGGRESSIVE;
				CLANG_WARN_UNREACHABLE_CODE = YES;
				CLANG_WARN__DUPLICATE_METHOD_MATCH = YES;
				COPY_PHASE_STRIP = NO;
				DEBUG_INFORMATION_FORMAT = "dwarf-with-dsym";
				ENABLE_NS_ASSERTIONS = NO;
				ENABLE_STRICT_OBJC_MSGSEND = YES;
				ENABLE_USER_SCRIPT_SANDBOXING = YES;
				GCC_C_LANGUAGE_STANDARD = gnu17;
				GCC_NO_COMMON_BLOCKS = YES;
				GCC_WARN_64_TO_32_BIT_CONVERSION = YES;
				GCC_WARN_ABOUT_RETURN_TYPE = YES_ERROR;
				GCC_WARN_UNDECLARED_SELECTOR = YES;
				GCC_WARN_UNINITIALIZED_AUTOS = YES_AGGRESSIVE;
				GCC_WARN_UNUSED_FUNCTION = YES;
				GCC_WARN_UNUSED_VARIABLE = YES;
				IPHONEOS_DEPLOYMENT_TARGET = 18.2;
				LOCALIZATION_PREFERS_STRING_CATALOGS = YES;
				MTL_ENABLE_DEBUG_INFO = NO;
				MTL_FAST_MATH = YES;
				SDKROOT = iphoneos;
				SWIFT_COMPILATION_MODE = wholemodule;
				VALIDATE_PRODUCT = YES;
			};
			name = Release;
		};
		349834A22D1563DF00C06878 /* Debug */ = {
			isa = XCBuildConfiguration;
			buildSettings = {
				ASSETCATALOG_COMPILER_APPICON_NAME = AppIcon;
				ASSETCATALOG_COMPILER_GLOBAL_ACCENT_COLOR_NAME = AccentColor;
				CODE_SIGN_STYLE = Automatic;
				CURRENT_PROJECT_VERSION = 1;
				DEVELOPMENT_ASSET_PATHS = "\"SwiftUIAppFirebase/Preview Content\"";
				DEVELOPMENT_TEAM = U4A9CNA96C;
				ENABLE_PREVIEWS = YES;
				GENERATE_INFOPLIST_FILE = YES;
				INFOPLIST_FILE = SwiftUIAppFirebase/Info.plist;
				INFOPLIST_KEY_UIApplicationSceneManifest_Generation = YES;
				INFOPLIST_KEY_UIApplicationSupportsIndirectInputEvents = YES;
				INFOPLIST_KEY_UILaunchScreen_Generation = YES;
				INFOPLIST_KEY_UISupportedInterfaceOrientations_iPad = "UIInterfaceOrientationPortrait UIInterfaceOrientationPortraitUpsideDown UIInterfaceOrientationLandscapeLeft UIInterfaceOrientationLandscapeRight";
				INFOPLIST_KEY_UISupportedInterfaceOrientations_iPhone = "UIInterfaceOrientationPortrait UIInterfaceOrientationLandscapeLeft UIInterfaceOrientationLandscapeRight";
				LD_RUNPATH_SEARCH_PATHS = (
					"$(inherited)",
					"@executable_path/Frameworks",
				);
				MARKETING_VERSION = 1.0;
				PRODUCT_BUNDLE_IDENTIFIER = com.hakobghlijyan.SwiftUIAppFirebase;
				PRODUCT_NAME = "$(TARGET_NAME)";
				SWIFT_EMIT_LOC_STRINGS = YES;
				SWIFT_VERSION = 5.0;
				TARGETED_DEVICE_FAMILY = "1,2";
			};
			name = Debug;
		};
		349834A32D1563DF00C06878 /* Release */ = {
			isa = XCBuildConfiguration;
			buildSettings = {
				ASSETCATALOG_COMPILER_APPICON_NAME = AppIcon;
				ASSETCATALOG_COMPILER_GLOBAL_ACCENT_COLOR_NAME = AccentColor;
				CODE_SIGN_STYLE = Automatic;
				CURRENT_PROJECT_VERSION = 1;
				DEVELOPMENT_ASSET_PATHS = "\"SwiftUIAppFirebase/Preview Content\"";
				DEVELOPMENT_TEAM = U4A9CNA96C;
				ENABLE_PREVIEWS = YES;
				GENERATE_INFOPLIST_FILE = YES;
				INFOPLIST_FILE = SwiftUIAppFirebase/Info.plist;
				INFOPLIST_KEY_UIApplicationSceneManifest_Generation = YES;
				INFOPLIST_KEY_UIApplicationSupportsIndirectInputEvents = YES;
				INFOPLIST_KEY_UILaunchScreen_Generation = YES;
				INFOPLIST_KEY_UISupportedInterfaceOrientations_iPad = "UIInterfaceOrientationPortrait UIInterfaceOrientationPortraitUpsideDown UIInterfaceOrientationLandscapeLeft UIInterfaceOrientationLandscapeRight";
				INFOPLIST_KEY_UISupportedInterfaceOrientations_iPhone = "UIInterfaceOrientationPortrait UIInterfaceOrientationLandscapeLeft UIInterfaceOrientationLandscapeRight";
				LD_RUNPATH_SEARCH_PATHS = (
					"$(inherited)",
					"@executable_path/Frameworks",
				);
				MARKETING_VERSION = 1.0;
				PRODUCT_BUNDLE_IDENTIFIER = com.hakobghlijyan.SwiftUIAppFirebase;
				PRODUCT_NAME = "$(TARGET_NAME)";
				SWIFT_EMIT_LOC_STRINGS = YES;
				SWIFT_VERSION = 5.0;
				TARGETED_DEVICE_FAMILY = "1,2";
			};
			name = Release;
		};
		349834A52D1563DF00C06878 /* Debug */ = {
			isa = XCBuildConfiguration;
			buildSettings = {
				BUNDLE_LOADER = "$(TEST_HOST)";
				CODE_SIGN_STYLE = Automatic;
				CURRENT_PROJECT_VERSION = 1;
				DEVELOPMENT_TEAM = U4A9CNA96C;
				GENERATE_INFOPLIST_FILE = YES;
				IPHONEOS_DEPLOYMENT_TARGET = 18.2;
				MARKETING_VERSION = 1.0;
				PRODUCT_BUNDLE_IDENTIFIER = com.hakobghlijyan.SwiftUIAppFirebaseTests;
				PRODUCT_NAME = "$(TARGET_NAME)";
				SWIFT_EMIT_LOC_STRINGS = NO;
				SWIFT_VERSION = 5.0;
				TARGETED_DEVICE_FAMILY = "1,2";
				TEST_HOST = "$(BUILT_PRODUCTS_DIR)/SwiftUIAppFirebase.app/$(BUNDLE_EXECUTABLE_FOLDER_PATH)/SwiftUIAppFirebase";
			};
			name = Debug;
		};
		349834A62D1563DF00C06878 /* Release */ = {
			isa = XCBuildConfiguration;
			buildSettings = {
				BUNDLE_LOADER = "$(TEST_HOST)";
				CODE_SIGN_STYLE = Automatic;
				CURRENT_PROJECT_VERSION = 1;
				DEVELOPMENT_TEAM = U4A9CNA96C;
				GENERATE_INFOPLIST_FILE = YES;
				IPHONEOS_DEPLOYMENT_TARGET = 18.2;
				MARKETING_VERSION = 1.0;
				PRODUCT_BUNDLE_IDENTIFIER = com.hakobghlijyan.SwiftUIAppFirebaseTests;
				PRODUCT_NAME = "$(TARGET_NAME)";
				SWIFT_EMIT_LOC_STRINGS = NO;
				SWIFT_VERSION = 5.0;
				TARGETED_DEVICE_FAMILY = "1,2";
				TEST_HOST = "$(BUILT_PRODUCTS_DIR)/SwiftUIAppFirebase.app/$(BUNDLE_EXECUTABLE_FOLDER_PATH)/SwiftUIAppFirebase";
			};
			name = Release;
		};
		349834A82D1563DF00C06878 /* Debug */ = {
			isa = XCBuildConfiguration;
			buildSettings = {
				CODE_SIGN_STYLE = Automatic;
				CURRENT_PROJECT_VERSION = 1;
				DEVELOPMENT_TEAM = U4A9CNA96C;
				GENERATE_INFOPLIST_FILE = YES;
				MARKETING_VERSION = 1.0;
				PRODUCT_BUNDLE_IDENTIFIER = com.hakobghlijyan.SwiftUIAppFirebaseUITests;
				PRODUCT_NAME = "$(TARGET_NAME)";
				SWIFT_EMIT_LOC_STRINGS = NO;
				SWIFT_VERSION = 5.0;
				TARGETED_DEVICE_FAMILY = "1,2";
				TEST_TARGET_NAME = SwiftUIAppFirebase;
			};
			name = Debug;
		};
		349834A92D1563DF00C06878 /* Release */ = {
			isa = XCBuildConfiguration;
			buildSettings = {
				CODE_SIGN_STYLE = Automatic;
				CURRENT_PROJECT_VERSION = 1;
				DEVELOPMENT_TEAM = U4A9CNA96C;
				GENERATE_INFOPLIST_FILE = YES;
				MARKETING_VERSION = 1.0;
				PRODUCT_BUNDLE_IDENTIFIER = com.hakobghlijyan.SwiftUIAppFirebaseUITests;
				PRODUCT_NAME = "$(TARGET_NAME)";
				SWIFT_EMIT_LOC_STRINGS = NO;
				SWIFT_VERSION = 5.0;
				TARGETED_DEVICE_FAMILY = "1,2";
				TEST_TARGET_NAME = SwiftUIAppFirebase;
			};
			name = Release;
		};
/* End XCBuildConfiguration section */

/* Begin XCConfigurationList section */
		349834782D1563DC00C06878 /* Build configuration list for PBXProject "SwiftUIAppFirebase" */ = {
			isa = XCConfigurationList;
			buildConfigurations = (
				3498349F2D1563DF00C06878 /* Debug */,
				349834A02D1563DF00C06878 /* Release */,
			);
			defaultConfigurationIsVisible = 0;
			defaultConfigurationName = Release;
		};
		349834A12D1563DF00C06878 /* Build configuration list for PBXNativeTarget "SwiftUIAppFirebase" */ = {
			isa = XCConfigurationList;
			buildConfigurations = (
				349834A22D1563DF00C06878 /* Debug */,
				349834A32D1563DF00C06878 /* Release */,
			);
			defaultConfigurationIsVisible = 0;
			defaultConfigurationName = Release;
		};
		349834A42D1563DF00C06878 /* Build configuration list for PBXNativeTarget "SwiftUIAppFirebaseTests" */ = {
			isa = XCConfigurationList;
			buildConfigurations = (
				349834A52D1563DF00C06878 /* Debug */,
				349834A62D1563DF00C06878 /* Release */,
			);
			defaultConfigurationIsVisible = 0;
			defaultConfigurationName = Release;
		};
		349834A72D1563DF00C06878 /* Build configuration list for PBXNativeTarget "SwiftUIAppFirebaseUITests" */ = {
			isa = XCConfigurationList;
			buildConfigurations = (
				349834A82D1563DF00C06878 /* Debug */,
				349834A92D1563DF00C06878 /* Release */,
			);
			defaultConfigurationIsVisible = 0;
			defaultConfigurationName = Release;
		};
/* End XCConfigurationList section */

/* Begin XCRemoteSwiftPackageReference section */
		34B46AA32D1591A4005C0DC5 /* XCRemoteSwiftPackageReference "GoogleSignIn-iOS" */ = {
			isa = XCRemoteSwiftPackageReference;
			repositoryURL = "https://github.com/google/GoogleSignIn-iOS";
			requirement = {
				kind = upToNextMajorVersion;
				minimumVersion = 8.0.0;
			};
		};
		34EA7DD72D1565F900F70B3D /* XCRemoteSwiftPackageReference "firebase-ios-sdk" */ = {
			isa = XCRemoteSwiftPackageReference;
			repositoryURL = "https://github.com/firebase/firebase-ios-sdk";
			requirement = {
				kind = upToNextMajorVersion;
				minimumVersion = 11.6.0;
			};
		};
/* End XCRemoteSwiftPackageReference section */

/* Begin XCSwiftPackageProductDependency section */
		34B46AA42D1591A4005C0DC5 /* GoogleSignIn */ = {
			isa = XCSwiftPackageProductDependency;
			package = 34B46AA32D1591A4005C0DC5 /* XCRemoteSwiftPackageReference "GoogleSignIn-iOS" */;
			productName = GoogleSignIn;
		};
		34B46AA62D1591A4005C0DC5 /* GoogleSignInSwift */ = {
			isa = XCSwiftPackageProductDependency;
			package = 34B46AA32D1591A4005C0DC5 /* XCRemoteSwiftPackageReference "GoogleSignIn-iOS" */;
			productName = GoogleSignInSwift;
		};
		34EA7DD82D1565F900F70B3D /* FirebaseAnalytics */ = {
			isa = XCSwiftPackageProductDependency;
			package = 34EA7DD72D1565F900F70B3D /* XCRemoteSwiftPackageReference "firebase-ios-sdk" */;
			productName = FirebaseAnalytics;
		};
		34EA7DDA2D1565F900F70B3D /* FirebaseAuth */ = {
			isa = XCSwiftPackageProductDependency;
			package = 34EA7DD72D1565F900F70B3D /* XCRemoteSwiftPackageReference "firebase-ios-sdk" */;
			productName = FirebaseAuth;
		};
		34EA7DDC2D1565F900F70B3D /* FirebaseAuthCombine-Community */ = {
			isa = XCSwiftPackageProductDependency;
			package = 34EA7DD72D1565F900F70B3D /* XCRemoteSwiftPackageReference "firebase-ios-sdk" */;
			productName = "FirebaseAuthCombine-Community";
		};
		34EA7DDE2D1565F900F70B3D /* FirebaseCore */ = {
			isa = XCSwiftPackageProductDependency;
			package = 34EA7DD72D1565F900F70B3D /* XCRemoteSwiftPackageReference "firebase-ios-sdk" */;
			productName = FirebaseCore;
		};
		34EA7DE02D1565F900F70B3D /* FirebaseDatabase */ = {
			isa = XCSwiftPackageProductDependency;
			package = 34EA7DD72D1565F900F70B3D /* XCRemoteSwiftPackageReference "firebase-ios-sdk" */;
			productName = FirebaseDatabase;
		};
		34EA7DE22D1565F900F70B3D /* FirebaseFirestore */ = {
			isa = XCSwiftPackageProductDependency;
			package = 34EA7DD72D1565F900F70B3D /* XCRemoteSwiftPackageReference "firebase-ios-sdk" */;
			productName = FirebaseFirestore;
		};
		34EA7DE42D1565F900F70B3D /* FirebaseFirestoreCombine-Community */ = {
			isa = XCSwiftPackageProductDependency;
			package = 34EA7DD72D1565F900F70B3D /* XCRemoteSwiftPackageReference "firebase-ios-sdk" */;
			productName = "FirebaseFirestoreCombine-Community";
		};
		34EA7DE62D1565F900F70B3D /* FirebaseStorage */ = {
			isa = XCSwiftPackageProductDependency;
			package = 34EA7DD72D1565F900F70B3D /* XCRemoteSwiftPackageReference "firebase-ios-sdk" */;
			productName = FirebaseStorage;
		};
		34EA7DE82D1565F900F70B3D /* FirebaseStorageCombine-Community */ = {
			isa = XCSwiftPackageProductDependency;
			package = 34EA7DD72D1565F900F70B3D /* XCRemoteSwiftPackageReference "firebase-ios-sdk" */;
			productName = "FirebaseStorageCombine-Community";
		};
/* End XCSwiftPackageProductDependency section */
	};
	rootObject = 349834752D1563DC00C06878 /* Project object */;
}
